
Microsoft Visual Studio Solution File, Format Version 12.00
# Visual Studio Version 17
VisualStudioVersion = 17.8.34511.84
MinimumVisualStudioVersion = 10.0.40219.1
Project("{FAE04EC0-301F-11D3-BF4B-00C04F79EFBC}") = "Chalkboardchat", "Chalkboardchat\Chalkboardchat.csproj", "{5019557A-52B3-4C72-9E57-9C243BE87B28}"
EndProject
Project("{FAE04EC0-301F-11D3-BF4B-00C04F79EFBC}") = "Chalkboardchat.App", "Chalkboardchat.App\Chalkboardchat.App.csproj", "{8C648942-CACC-4D88-9D0E-9F4601E6F0B1}"
EndProject
Project("{FAE04EC0-301F-11D3-BF4B-00C04F79EFBC}") = "Chalkboardchat.Data", "Chalkboardchat.Data\Chalkboardchat.Data.csproj", "{5DE28B1C-65F5-42A3-AD31-070E8BDAFF33}"
EndProject
Global
	GlobalSection(SolutionConfigurationPlatforms) = preSolution
		Debug|Any CPU = Debug|Any CPU
		Release|Any CPU = Release|Any CPU
	EndGlobalSection
	GlobalSection(ProjectConfigurationPlatforms) = postSolution
		{5019557A-52B3-4C72-9E57-9C243BE87B28}.Debug|Any CPU.ActiveCfg = Debug|Any CPU
		{5019557A-52B3-4C72-9E57-9C243BE87B28}.Debug|Any CPU.Build.0 = Debug|Any CPU
		{5019557A-52B3-4C72-9E57-9C243BE87B28}.Release|Any CPU.ActiveCfg = Release|Any CPU
		{5019557A-52B3-4C72-9E57-9C243BE87B28}.Release|Any CPU.Build.0 = Release|Any CPU
		{8C648942-CACC-4D88-9D0E-9F4601E6F0B1}.Debug|Any CPU.ActiveCfg = Debug|Any CPU
		{8C648942-CACC-4D88-9D0E-9F4601E6F0B1}.Debug|Any CPU.Build.0 = Debug|Any CPU
		{8C648942-CACC-4D88-9D0E-9F4601E6F0B1}.Release|Any CPU.ActiveCfg = Release|Any CPU
		{8C648942-CACC-4D88-9D0E-9F4601E6F0B1}.Release|Any CPU.Build.0 = Release|Any CPU
		{5DE28B1C-65F5-42A3-AD31-070E8BDAFF33}.Debug|Any CPU.ActiveCfg = Debug|Any CPU
		{5DE28B1C-65F5-42A3-AD31-070E8BDAFF33}.Debug|Any CPU.Build.0 = Debug|Any CPU
		{5DE28B1C-65F5-42A3-AD31-070E8BDAFF33}.Release|Any CPU.ActiveCfg = Release|Any CPU
		{5DE28B1C-65F5-42A3-AD31-070E8BDAFF33}.Release|Any CPU.Build.0 = Release|Any CPU
	EndGlobalSection
	GlobalSection(SolutionProperties) = preSolution
		HideSolutionNode = FALSE
	EndGlobalSection
	GlobalSection(ExtensibilityGlobals) = postSolution
		SolutionGuid = {C473AC91-B72B-48C9-B6D4-AB731ED274DB}
	EndGlobalSection
EndGlobal
